{
    "_readme": [
        "This file locks the dependencies of your project to a known state",
        "Read more about it at https://getcomposer.org/doc/01-basic-usage.md#installing-dependencies",
        "This file is @generated automatically"
    ],
    "content-hash": "43e5d9d0bd36118c6fbd6105b8941994",
    "packages": [
        {
            "name": "automattic/jetpack-autoloader",
            "version": "v6.0.0",
            "source": {
                "type": "git",
                "url": "https://github.com/Automattic/jetpack-autoloader.git",
                "reference": "5e7e2179fb6f955029d048eb3c3e8ebc50287ef1"
            },
            "dist": {
                "type": "zip",
                "url": "https://api.github.com/repos/Automattic/jetpack-autoloader/zipball/5e7e2179fb6f955029d048eb3c3e8ebc50287ef1",
                "reference": "5e7e2179fb6f955029d048eb3c3e8ebc50287ef1",
                "shasum": ""
            },
            "require": {
                "composer-plugin-api": "^2.2",
                "php": ">=7.4"
            },
            "require-dev": {
                "automattic/phpunit-select-config": "^1.0.10",
                "composer/composer": "^2.2",
                "yoast/phpunit-polyfills": "^4.0.0"
            },
            "type": "composer-plugin",
            "extra": {
                "class": "Automattic\\Jetpack\\Autoloader\\CustomAutoloaderPlugin",
                "autotagger": true,
                "mirror-repo": "Automattic/jetpack-autoloader",
                "branch-alias": {
                    "dev-trunk": "6.0.x-dev"
                },
                "changelogger": {
                    "link-template": "https://github.com/Automattic/jetpack-autoloader/compare/v${old}...v${new}"
                },
                "version-constants": {
                    "::VERSION": "src/AutoloadGenerator.php"
                }
            },
            "autoload": {
                "psr-4": {
                    "Automattic\\Jetpack\\Autoloader\\": "src"
                },
                "classmap": [
                    "src/AutoloadGenerator.php"
                ]
            },
            "notification-url": "https://packagist.org/downloads/",
            "license": [
                "GPL-2.0-or-later"
            ],
            "description": "Creates a custom autoloader for a plugin or theme.",
            "keywords": [
                "autoload",
                "autoloader",
                "composer",
                "jetpack",
                "plugin",
                "wordpress"
            ],
            "support": {
                "source": "https://github.com/Automattic/jetpack-autoloader/tree/v6.0.0"
            },
            "time": "2026-08-26T20:01:54+00:00"
        },
        {
            "name": "wp-php-toolkit/reprint-server",
            "version": "v0.10.8",
            "source": {
                "type": "git",
                "url": "https://github.com/wp-php-toolkit/reprint-server",
                "reference": "5d8f0cee93e1cf840f51e18060d9d7512eb70c83"
            },
            "dist": {
                "type": "zip",
                "url": "https://api.github.com/repos/wp-php-toolkit/reprint-server/zipball/5d8f0cee93e1cf840f51e18060d9d7512eb70c83",
                "reference": "5d8f0cee93e1cf840f51e18060d9d7512eb70c83",
                "shasum": ""
            },
            "require": {
                "php": ">=7.2"
            },
            "replace": {
                "wp-php-toolkit/reprint-exporter": "self.version"
            },
            "suggest": {
                "ext-pdo": "Needed for the SQLite export path; recommended for MySQL exports (the wpdb fallback handles MySQL when absent).",
                "ext-pdo_mysql": "Recommended for MySQL exports; falls back to wpdb when absent."
            },
            "type": "library",
            "autoload": {
                "classmap": [
                    "src/"
                ]
            },
            "notification-url": "https://packagist.org/downloads/",
            "license": [
                "GPL-2.0-or-later"
            ],
            "description": "Streaming export engine used by the Reprint Server WordPress plugin",
            "time": "2026-09-06T14:45:25+00:00"
        }
    ],
    "packages-dev": [],
    "aliases": [],
    "minimum-stability": "stable",
    "stability-flags": {},
    "prefer-stable": true,
    "prefer-lowest": false,
    "platform": {
        "php": ">=7.4"
    },
    "platform-dev": {},
    "plugin-api-version": "2.9.0"
}
